
Microsoft Visual Studio Solution File, Format Version 12.00
# Visual Studio Version 17
VisualStudioVersion = 17.11.35327.3
MinimumVisualStudioVersion = 10.0.40219.1
Project("{9A19103F-16F7-4668-BE54-9A1E7A4F7556}") = "Oniria", "Oniria\Oniria.csproj", "{480F2E10-8F3F-49DB-9035-EBB884032F36}"
EndProject
Project("{2150E333-8FDC-42A3-9474-1A3956D46DE8}") = "Core", "Core", "{8844E3C3-398F-415D-9679-D29B3E99E8CA}"
EndProject
Project("{2150E333-8FDC-42A3-9474-1A3956D46DE8}") = "Infrastructure", "Infrastructure", "{4D4DD9C6-3853-42BD-AEDB-36D0F2542758}"
EndProject
Project("{2150E333-8FDC-42A3-9474-1A3956D46DE8}") = "Presentation", "Presentation", "{0DBF3EA2-98E8-4DAB-B297-3308B66EBBA5}"
EndProject
Project("{2150E333-8FDC-42A3-9474-1A3956D46DE8}") = "Sources", "Sources", "{3D42E1B7-1EE5-4009-B502-32C1E8E2FFD1}"
EndProject
Project("{2150E333-8FDC-42A3-9474-1A3956D46DE8}") = "WebApp", "WebApp", "{D116AAF2-668D-486A-A786-AC2FC8CA9852}"
EndProject
Project("{9A19103F-16F7-4668-BE54-9A1E7A4F7556}") = "Oniria.Core.Domain", "Oniria.Core.Domain\Oniria.Core.Domain.csproj", "{96D910F8-70C2-4CB1-BDB3-9279FB3847A2}"
EndProject
Project("{9A19103F-16F7-4668-BE54-9A1E7A4F7556}") = "Oniria.Core.Application", "Oniria.Core.Application\Oniria.Core.Application.csproj", "{3DB7306E-4F7C-443D-9220-4E6420D8D0E0}"
EndProject
Project("{9A19103F-16F7-4668-BE54-9A1E7A4F7556}") = "Oniria.Infrastructure.Identity", "Oniria.Infrastructure.Identity\Oniria.Infrastructure.Identity.csproj", "{79909D11-F29F-4CED-9D98-230BBAA83FC3}"
EndProject
Project("{9A19103F-16F7-4668-BE54-9A1E7A4F7556}") = "Oniria.Infrastructure.Persistence", "Oniria.Infrastructure.Persistence\Oniria.Infrastructure.Persistence.csproj", "{4A76ED43-98A1-4266-B9F4-F843995C50E5}"
EndProject
Project("{FAE04EC0-301F-11D3-BF4B-00C04F79EFBC}") = "Oniria.Core.Dtos", "Oniria.Core.Dtos\Oniria.Core.Dtos.csproj", "{8902322B-6D64-4B39-B20B-1AE19FB60F8E}"
EndProject
Project("{FAE04EC0-301F-11D3-BF4B-00C04F79EFBC}") = "Oniria.Infrastructure.Shared", "Oniria.Infrastructure.Shared\Oniria.Infrastructure.Shared.csproj", "{AB5F2F67-8379-4FB9-9D30-87A5FBE4C2E4}"
EndProject
Project("{2150E333-8FDC-42A3-9474-1A3956D46DE8}") = "WebAPI", "WebAPI", "{02EA681E-C7D8-13C7-8484-4AC65E1B71E8}"
EndProject
Project("{FAE04EC0-301F-11D3-BF4B-00C04F79EFBC}") = "OniriaApi", "OniriaApi\OniriaApi.csproj", "{1C08B810-A278-423E-9B9A-B5B1A4D83148}"
EndProject
Global
	GlobalSection(SolutionConfigurationPlatforms) = preSolution
		Debug|Any CPU = Debug|Any CPU
		Release|Any CPU = Release|Any CPU
	EndGlobalSection
	GlobalSection(ProjectConfigurationPlatforms) = postSolution
		{480F2E10-8F3F-49DB-9035-EBB884032F36}.Debug|Any CPU.ActiveCfg = Debug|Any CPU
		{480F2E10-8F3F-49DB-9035-EBB884032F36}.Debug|Any CPU.Build.0 = Debug|Any CPU
		{480F2E10-8F3F-49DB-9035-EBB884032F36}.Release|Any CPU.ActiveCfg = Release|Any CPU
		{480F2E10-8F3F-49DB-9035-EBB884032F36}.Release|Any CPU.Build.0 = Release|Any CPU
		{96D910F8-70C2-4CB1-BDB3-9279FB3847A2}.Debug|Any CPU.ActiveCfg = Debug|Any CPU
		{96D910F8-70C2-4CB1-BDB3-9279FB3847A2}.Debug|Any CPU.Build.0 = Debug|Any CPU
		{96D910F8-70C2-4CB1-BDB3-9279FB3847A2}.Release|Any CPU.ActiveCfg = Release|Any CPU
		{96D910F8-70C2-4CB1-BDB3-9279FB3847A2}.Release|Any CPU.Build.0 = Release|Any CPU
		{3DB7306E-4F7C-443D-9220-4E6420D8D0E0}.Debug|Any CPU.ActiveCfg = Debug|Any CPU
		{3DB7306E-4F7C-443D-9220-4E6420D8D0E0}.Debug|Any CPU.Build.0 = Debug|Any CPU
		{3DB7306E-4F7C-443D-9220-4E6420D8D0E0}.Release|Any CPU.ActiveCfg = Release|Any CPU
		{3DB7306E-4F7C-443D-9220-4E6420D8D0E0}.Release|Any CPU.Build.0 = Release|Any CPU
		{79909D11-F29F-4CED-9D98-230BBAA83FC3}.Debug|Any CPU.ActiveCfg = Debug|Any CPU
		{79909D11-F29F-4CED-9D98-230BBAA83FC3}.Debug|Any CPU.Build.0 = Debug|Any CPU
		{79909D11-F29F-4CED-9D98-230BBAA83FC3}.Release|Any CPU.ActiveCfg = Release|Any CPU
		{79909D11-F29F-4CED-9D98-230BBAA83FC3}.Release|Any CPU.Build.0 = Release|Any CPU
		{4A76ED43-98A1-4266-B9F4-F843995C50E5}.Debug|Any CPU.ActiveCfg = Debug|Any CPU
		{4A76ED43-98A1-4266-B9F4-F843995C50E5}.Debug|Any CPU.Build.0 = Debug|Any CPU
		{4A76ED43-98A1-4266-B9F4-F843995C50E5}.Release|Any CPU.ActiveCfg = Release|Any CPU
		{4A76ED43-98A1-4266-B9F4-F843995C50E5}.Release|Any CPU.Build.0 = Release|Any CPU
		{8902322B-6D64-4B39-B20B-1AE19FB60F8E}.Debug|Any CPU.ActiveCfg = Debug|Any CPU
		{8902322B-6D64-4B39-B20B-1AE19FB60F8E}.Debug|Any CPU.Build.0 = Debug|Any CPU
		{8902322B-6D64-4B39-B20B-1AE19FB60F8E}.Release|Any CPU.ActiveCfg = Release|Any CPU
		{8902322B-6D64-4B39-B20B-1AE19FB60F8E}.Release|Any CPU.Build.0 = Release|Any CPU
		{AB5F2F67-8379-4FB9-9D30-87A5FBE4C2E4}.Debug|Any CPU.ActiveCfg = Debug|Any CPU
		{AB5F2F67-8379-4FB9-9D30-87A5FBE4C2E4}.Debug|Any CPU.Build.0 = Debug|Any CPU
		{AB5F2F67-8379-4FB9-9D30-87A5FBE4C2E4}.Release|Any CPU.ActiveCfg = Release|Any CPU
		{AB5F2F67-8379-4FB9-9D30-87A5FBE4C2E4}.Release|Any CPU.Build.0 = Release|Any CPU
		{1C08B810-A278-423E-9B9A-B5B1A4D83148}.Debug|Any CPU.ActiveCfg = Debug|Any CPU
		{1C08B810-A278-423E-9B9A-B5B1A4D83148}.Debug|Any CPU.Build.0 = Debug|Any CPU
		{1C08B810-A278-423E-9B9A-B5B1A4D83148}.Release|Any CPU.ActiveCfg = Release|Any CPU
		{1C08B810-A278-423E-9B9A-B5B1A4D83148}.Release|Any CPU.Build.0 = Release|Any CPU
	EndGlobalSection
	GlobalSection(SolutionProperties) = preSolution
		HideSolutionNode = FALSE
	EndGlobalSection
	GlobalSection(NestedProjects) = preSolution
		{480F2E10-8F3F-49DB-9035-EBB884032F36} = {D116AAF2-668D-486A-A786-AC2FC8CA9852}
		{8844E3C3-398F-415D-9679-D29B3E99E8CA} = {3D42E1B7-1EE5-4009-B502-32C1E8E2FFD1}
		{4D4DD9C6-3853-42BD-AEDB-36D0F2542758} = {3D42E1B7-1EE5-4009-B502-32C1E8E2FFD1}
		{0DBF3EA2-98E8-4DAB-B297-3308B66EBBA5} = {3D42E1B7-1EE5-4009-B502-32C1E8E2FFD1}
		{D116AAF2-668D-486A-A786-AC2FC8CA9852} = {0DBF3EA2-98E8-4DAB-B297-3308B66EBBA5}
		{96D910F8-70C2-4CB1-BDB3-9279FB3847A2} = {8844E3C3-398F-415D-9679-D29B3E99E8CA}
		{3DB7306E-4F7C-443D-9220-4E6420D8D0E0} = {8844E3C3-398F-415D-9679-D29B3E99E8CA}
		{79909D11-F29F-4CED-9D98-230BBAA83FC3} = {4D4DD9C6-3853-42BD-AEDB-36D0F2542758}
		{4A76ED43-98A1-4266-B9F4-F843995C50E5} = {4D4DD9C6-3853-42BD-AEDB-36D0F2542758}
		{8902322B-6D64-4B39-B20B-1AE19FB60F8E} = {8844E3C3-398F-415D-9679-D29B3E99E8CA}
		{AB5F2F67-8379-4FB9-9D30-87A5FBE4C2E4} = {4D4DD9C6-3853-42BD-AEDB-36D0F2542758}
		{02EA681E-C7D8-13C7-8484-4AC65E1B71E8} = {0DBF3EA2-98E8-4DAB-B297-3308B66EBBA5}
		{1C08B810-A278-423E-9B9A-B5B1A4D83148} = {02EA681E-C7D8-13C7-8484-4AC65E1B71E8}
	EndGlobalSection
	GlobalSection(ExtensibilityGlobals) = postSolution
		SolutionGuid = {83215924-7594-4DF7-B0B4-8CA777D57E15}
	EndGlobalSection
EndGlobal
